{
  "requires": true,
  "lockfileVersion": 1,
  "dependencies": {
    "@sutton-signwriting/core": {
      "version": "1.3.0",
      "resolved": "https://registry.npmjs.org/@sutton-signwriting/core/-/core-1.3.0.tgz",
      "integrity": "sha512-uYrANyW76kRbKrm5mP94rPEhVRDMKEles/wkf6c8BFPHK3nB+trg5IwtkmxXxDpSn0IZsZRrN+mRcycZ/zOd2g=="
    }
  }
}
